
Microsoft Visual Studio Solution File, Format Version 12.00
# Visual Studio Version 17
VisualStudioVersion = 17.7.34031.279
MinimumVisualStudioVersion = 10.0.40219.1
Project("{9A19103F-16F7-4668-BE54-9A1E7A4F7556}") = "Metotlar", "Metotlar\Metotlar.csproj", "{2247E02E-FE4E-432D-8D50-0331050FE037}"
EndProject
Project("{9A19103F-16F7-4668-BE54-9A1E7A4F7556}") = "Matematik", "Matematik\Matematik.csproj", "{DBA9DA17-C7F0-40F2-B974-FC1506D8475C}"
EndProject
Project("{FAE04EC0-301F-11D3-BF4B-00C04F79EFBC}") = "DegerVeReferansTipler", "DegerVeReferansTipler\DegerVeReferansTipler.csproj", "{BE09E33B-CD39-4020-A2E0-01874F31AAA2}"
EndProject
Global
	GlobalSection(SolutionConfigurationPlatforms) = preSolution
		Debug|Any CPU = Debug|Any CPU
		Release|Any CPU = Release|Any CPU
	EndGlobalSection
	GlobalSection(ProjectConfigurationPlatforms) = postSolution
		{2247E02E-FE4E-432D-8D50-0331050FE037}.Debug|Any CPU.ActiveCfg = Debug|Any CPU
		{2247E02E-FE4E-432D-8D50-0331050FE037}.Debug|Any CPU.Build.0 = Debug|Any CPU
		{2247E02E-FE4E-432D-8D50-0331050FE037}.Release|Any CPU.ActiveCfg = Release|Any CPU
		{2247E02E-FE4E-432D-8D50-0331050FE037}.Release|Any CPU.Build.0 = Release|Any CPU
		{DBA9DA17-C7F0-40F2-B974-FC1506D8475C}.Debug|Any CPU.ActiveCfg = Debug|Any CPU
		{DBA9DA17-C7F0-40F2-B974-FC1506D8475C}.Debug|Any CPU.Build.0 = Debug|Any CPU
		{DBA9DA17-C7F0-40F2-B974-FC1506D8475C}.Release|Any CPU.ActiveCfg = Release|Any CPU
		{DBA9DA17-C7F0-40F2-B974-FC1506D8475C}.Release|Any CPU.Build.0 = Release|Any CPU
		{BE09E33B-CD39-4020-A2E0-01874F31AAA2}.Debug|Any CPU.ActiveCfg = Debug|Any CPU
		{BE09E33B-CD39-4020-A2E0-01874F31AAA2}.Debug|Any CPU.Build.0 = Debug|Any CPU
		{BE09E33B-CD39-4020-A2E0-01874F31AAA2}.Release|Any CPU.ActiveCfg = Release|Any CPU
		{BE09E33B-CD39-4020-A2E0-01874F31AAA2}.Release|Any CPU.Build.0 = Release|Any CPU
	EndGlobalSection
	GlobalSection(SolutionProperties) = preSolution
		HideSolutionNode = FALSE
	EndGlobalSection
	GlobalSection(ExtensibilityGlobals) = postSolution
		SolutionGuid = {D850B202-7BB4-4C92-89EC-E7EC24860BE3}
	EndGlobalSection
EndGlobal
