
Microsoft Visual Studio Solution File, Format Version 12.00
# Visual Studio Version 17
VisualStudioVersion = 17.7.34031.279
MinimumVisualStudioVersion = 10.0.40219.1
Project("{9A19103F-16F7-4668-BE54-9A1E7A4F7556}") = "Metotlar", "Metotlar\Metotlar.csproj", "{2247E02E-FE4E-432D-8D50-0331050FE037}"
EndProject
Project("{9A19103F-16F7-4668-BE54-9A1E7A4F7556}") = "Matematik", "Matematik\Matematik.csproj", "{DBA9DA17-C7F0-40F2-B974-FC1506D8475C}"
EndProject
Project("{9A19103F-16F7-4668-BE54-9A1E7A4F7556}") = "DegerVeReferansTipler", "DegerVeReferansTipler\DegerVeReferansTipler.csproj", "{BE09E33B-CD39-4020-A2E0-01874F31AAA2}"
EndProject
Project("{FAE04EC0-301F-11D3-BF4B-00C04F79EFBC}") = "OOP1", "OOP1\OOP1.csproj", "{2E7917CE-12E8-422D-A7D0-A6CBC3E3ADDC}"
EndProject
Project("{FAE04EC0-301F-11D3-BF4B-00C04F79EFBC}") = "Koleksiyonlar", "Koleksiyonlar\Koleksiyonlar.csproj", "{67DE4475-7968-4C21-A127-EE051DEBFAE8}"
EndProject
Project("{FAE04EC0-301F-11D3-BF4B-00C04F79EFBC}") = "GenericsIntro", "GenericsIntro\GenericsIntro.csproj", "{A9AEE20C-32B1-4D46-BEFE-6B75B53F78AE}"
EndProject
Global
	GlobalSection(SolutionConfigurationPlatforms) = preSolution
		Debug|Any CPU = Debug|Any CPU
		Release|Any CPU = Release|Any CPU
	EndGlobalSection
	GlobalSection(ProjectConfigurationPlatforms) = postSolution
		{2247E02E-FE4E-432D-8D50-0331050FE037}.Debug|Any CPU.ActiveCfg = Debug|Any CPU
		{2247E02E-FE4E-432D-8D50-0331050FE037}.Debug|Any CPU.Build.0 = Debug|Any CPU
		{2247E02E-FE4E-432D-8D50-0331050FE037}.Release|Any CPU.ActiveCfg = Release|Any CPU
		{2247E02E-FE4E-432D-8D50-0331050FE037}.Release|Any CPU.Build.0 = Release|Any CPU
		{DBA9DA17-C7F0-40F2-B974-FC1506D8475C}.Debug|Any CPU.ActiveCfg = Debug|Any CPU
		{DBA9DA17-C7F0-40F2-B974-FC1506D8475C}.Debug|Any CPU.Build.0 = Debug|Any CPU
		{DBA9DA17-C7F0-40F2-B974-FC1506D8475C}.Release|Any CPU.ActiveCfg = Release|Any CPU
		{DBA9DA17-C7F0-40F2-B974-FC1506D8475C}.Release|Any CPU.Build.0 = Release|Any CPU
		{BE09E33B-CD39-4020-A2E0-01874F31AAA2}.Debug|Any CPU.ActiveCfg = Debug|Any CPU
		{BE09E33B-CD39-4020-A2E0-01874F31AAA2}.Debug|Any CPU.Build.0 = Debug|Any CPU
		{BE09E33B-CD39-4020-A2E0-01874F31AAA2}.Release|Any CPU.ActiveCfg = Release|Any CPU
		{BE09E33B-CD39-4020-A2E0-01874F31AAA2}.Release|Any CPU.Build.0 = Release|Any CPU
		{2E7917CE-12E8-422D-A7D0-A6CBC3E3ADDC}.Debug|Any CPU.ActiveCfg = Debug|Any CPU
		{2E7917CE-12E8-422D-A7D0-A6CBC3E3ADDC}.Debug|Any CPU.Build.0 = Debug|Any CPU
		{2E7917CE-12E8-422D-A7D0-A6CBC3E3ADDC}.Release|Any CPU.ActiveCfg = Release|Any CPU
		{2E7917CE-12E8-422D-A7D0-A6CBC3E3ADDC}.Release|Any CPU.Build.0 = Release|Any CPU
		{67DE4475-7968-4C21-A127-EE051DEBFAE8}.Debug|Any CPU.ActiveCfg = Debug|Any CPU
		{67DE4475-7968-4C21-A127-EE051DEBFAE8}.Debug|Any CPU.Build.0 = Debug|Any CPU
		{67DE4475-7968-4C21-A127-EE051DEBFAE8}.Release|Any CPU.ActiveCfg = Release|Any CPU
		{67DE4475-7968-4C21-A127-EE051DEBFAE8}.Release|Any CPU.Build.0 = Release|Any CPU
		{A9AEE20C-32B1-4D46-BEFE-6B75B53F78AE}.Debug|Any CPU.ActiveCfg = Debug|Any CPU
		{A9AEE20C-32B1-4D46-BEFE-6B75B53F78AE}.Debug|Any CPU.Build.0 = Debug|Any CPU
		{A9AEE20C-32B1-4D46-BEFE-6B75B53F78AE}.Release|Any CPU.ActiveCfg = Release|Any CPU
		{A9AEE20C-32B1-4D46-BEFE-6B75B53F78AE}.Release|Any CPU.Build.0 = Release|Any CPU
	EndGlobalSection
	GlobalSection(SolutionProperties) = preSolution
		HideSolutionNode = FALSE
	EndGlobalSection
	GlobalSection(ExtensibilityGlobals) = postSolution
		SolutionGuid = {D850B202-7BB4-4C92-89EC-E7EC24860BE3}
	EndGlobalSection
EndGlobal
